
Microsoft Visual Studio Solution File, Format Version 12.00
# Visual Studio Version 17
VisualStudioVersion = 17.7.34202.233
MinimumVisualStudioVersion = 10.0.40219.1
Project("{FAE04EC0-301F-11D3-BF4B-00C04F79EFBC}") = "WEBCRUDMVCSQL", "WEBCRUDMVCSQL\WEBCRUDMVCSQL.csproj", "{92D1C6B6-139A-456C-A9A8-E3DA12E93089}"
EndProject
Global
	GlobalSection(SolutionConfigurationPlatforms) = preSolution
		Debug|Any CPU = Debug|Any CPU
		Release|Any CPU = Release|Any CPU
	EndGlobalSection
	GlobalSection(ProjectConfigurationPlatforms) = postSolution
		{92D1C6B6-139A-456C-A9A8-E3DA12E93089}.Debug|Any CPU.ActiveCfg = Debug|Any CPU
		{92D1C6B6-139A-456C-A9A8-E3DA12E93089}.Debug|Any CPU.Build.0 = Debug|Any CPU
		{92D1C6B6-139A-456C-A9A8-E3DA12E93089}.Release|Any CPU.ActiveCfg = Release|Any CPU
		{92D1C6B6-139A-456C-A9A8-E3DA12E93089}.Release|Any CPU.Build.0 = Release|Any CPU
	EndGlobalSection
	GlobalSection(SolutionProperties) = preSolution
		HideSolutionNode = FALSE
	EndGlobalSection
	GlobalSection(ExtensibilityGlobals) = postSolution
		SolutionGuid = {DBA0503F-B823-4F67-8870-464EEDE84F93}
	EndGlobalSection
EndGlobal
